
Microsoft Visual Studio Solution File, Format Version 11.00
# Visual Studio 2010
Project("{8BC9CEB8-8B4A-11D0-8D11-00A0C91BC942}") = "network", "common\network\network.vcxproj", "{98F2B022-FA9A-C378-9D7E-608DC5A87760}"
EndProject
Project("{8BC9CEB8-8B4A-11D0-8D11-00A0C91BC942}") = "rdr", "common\rdr\rdr.vcxproj", "{97505709-2830-DFE5-CA5A-675FAA273D63}"
EndProject
Project("{8BC9CEB8-8B4A-11D0-8D11-00A0C91BC942}") = "Xregion", "common\Xregion\Xregion.vcxproj", "{9C12A043-9A4B-DCDA-F263-CDF26045E459}"
EndProject
Project("{8BC9CEB8-8B4A-11D0-8D11-00A0C91BC942}") = "zlib", "common\zlib\zlib.vcxproj", "{3CE97638-404D-F0E7-6C65-71DA9C029D3C}"
EndProject
Project("{8BC9CEB8-8B4A-11D0-8D11-00A0C91BC942}") = "rfb", "common\rfb\rfb.vcxproj", "{F82B92DF-21D4-A08D-3482-783F47012A4A}"
EndProject
Project("{8BC9CEB8-8B4A-11D0-8D11-00A0C91BC942}") = "rfb_win32", "win\rfb_win32\rfb_win32.vcxproj", "{66B2700F-6B73-F807-AB0C-CAA00DC8E82E}"
	ProjectSection(ProjectDependencies) = postProject
		{F82B92DF-21D4-A08D-3482-783F47012A4A} = {F82B92DF-21D4-A08D-3482-783F47012A4A}
	EndProjectSection
EndProject
Project("{8BC9CEB8-8B4A-11D0-8D11-00A0C91BC942}") = "vncconfig", "win\vncconfig\vncconfig.vcxproj", "{03FAA0E9-FF5C-EB77-4326-17075BE6F394}"
	ProjectSection(ProjectDependencies) = postProject
		{3CE97638-404D-F0E7-6C65-71DA9C029D3C} = {3CE97638-404D-F0E7-6C65-71DA9C029D3C}
		{98F2B022-FA9A-C378-9D7E-608DC5A87760} = {98F2B022-FA9A-C378-9D7E-608DC5A87760}
		{F82B92DF-21D4-A08D-3482-783F47012A4A} = {F82B92DF-21D4-A08D-3482-783F47012A4A}
		{66B2700F-6B73-F807-AB0C-CAA00DC8E82E} = {66B2700F-6B73-F807-AB0C-CAA00DC8E82E}
		{9C12A043-9A4B-DCDA-F263-CDF26045E459} = {9C12A043-9A4B-DCDA-F263-CDF26045E459}
		{97505709-2830-DFE5-CA5A-675FAA273D63} = {97505709-2830-DFE5-CA5A-675FAA273D63}
	EndProjectSection
EndProject
Project("{8BC9CEB8-8B4A-11D0-8D11-00A0C91BC942}") = "vncclient", "win\vncclient\vncclient.vcxproj", "{81A3ACF9-EB2D-F7CC-D032-D36BAC09431D}"
	ProjectSection(ProjectDependencies) = postProject
		{3CE97638-404D-F0E7-6C65-71DA9C029D3C} = {3CE97638-404D-F0E7-6C65-71DA9C029D3C}
		{98F2B022-FA9A-C378-9D7E-608DC5A87760} = {98F2B022-FA9A-C378-9D7E-608DC5A87760}
		{F82B92DF-21D4-A08D-3482-783F47012A4A} = {F82B92DF-21D4-A08D-3482-783F47012A4A}
		{66B2700F-6B73-F807-AB0C-CAA00DC8E82E} = {66B2700F-6B73-F807-AB0C-CAA00DC8E82E}
		{9C12A043-9A4B-DCDA-F263-CDF26045E459} = {9C12A043-9A4B-DCDA-F263-CDF26045E459}
		{97505709-2830-DFE5-CA5A-675FAA273D63} = {97505709-2830-DFE5-CA5A-675FAA273D63}
	EndProjectSection
EndProject
Project("{8BC9CEB8-8B4A-11D0-8D11-00A0C91BC942}") = "vncserver", "win\vncserver\vncserver.vcxproj", "{C50E756E-5EEA-F5A4-6F5F-8C2737307D5F}"
	ProjectSection(ProjectDependencies) = postProject
		{3CE97638-404D-F0E7-6C65-71DA9C029D3C} = {3CE97638-404D-F0E7-6C65-71DA9C029D3C}
		{98F2B022-FA9A-C378-9D7E-608DC5A87760} = {98F2B022-FA9A-C378-9D7E-608DC5A87760}
		{F82B92DF-21D4-A08D-3482-783F47012A4A} = {F82B92DF-21D4-A08D-3482-783F47012A4A}
		{66B2700F-6B73-F807-AB0C-CAA00DC8E82E} = {66B2700F-6B73-F807-AB0C-CAA00DC8E82E}
		{9C12A043-9A4B-DCDA-F263-CDF26045E459} = {9C12A043-9A4B-DCDA-F263-CDF26045E459}
		{97505709-2830-DFE5-CA5A-675FAA273D63} = {97505709-2830-DFE5-CA5A-675FAA273D63}
	EndProjectSection
EndProject
Project("{2150E333-8FDC-42A3-9474-1A3956D46DE8}") = "Solution Items", "Solution Items", "{688CC922-69FD-4B7F-A7C5-1A4C841BC073}"
	ProjectSection(SolutionItems) = preProject
		HowTo.txt = HowTo.txt
		LICENCE.TXT = LICENCE.TXT
		README.TXT = README.TXT
	EndProjectSection
EndProject
Global
	GlobalSection(SolutionConfigurationPlatforms) = preSolution
		Debug|Win32 = Debug|Win32
		Release|Win32 = Release|Win32
	EndGlobalSection
	GlobalSection(ProjectConfigurationPlatforms) = postSolution
		{98F2B022-FA9A-C378-9D7E-608DC5A87760}.Debug|Win32.ActiveCfg = Debug|Win32
		{98F2B022-FA9A-C378-9D7E-608DC5A87760}.Debug|Win32.Build.0 = Debug|Win32
		{98F2B022-FA9A-C378-9D7E-608DC5A87760}.Release|Win32.ActiveCfg = Release|Win32
		{98F2B022-FA9A-C378-9D7E-608DC5A87760}.Release|Win32.Build.0 = Release|Win32
		{97505709-2830-DFE5-CA5A-675FAA273D63}.Debug|Win32.ActiveCfg = Debug|Win32
		{97505709-2830-DFE5-CA5A-675FAA273D63}.Debug|Win32.Build.0 = Debug|Win32
		{97505709-2830-DFE5-CA5A-675FAA273D63}.Release|Win32.ActiveCfg = Release|Win32
		{97505709-2830-DFE5-CA5A-675FAA273D63}.Release|Win32.Build.0 = Release|Win32
		{9C12A043-9A4B-DCDA-F263-CDF26045E459}.Debug|Win32.ActiveCfg = Debug|Win32
		{9C12A043-9A4B-DCDA-F263-CDF26045E459}.Debug|Win32.Build.0 = Debug|Win32
		{9C12A043-9A4B-DCDA-F263-CDF26045E459}.Release|Win32.ActiveCfg = Release|Win32
		{9C12A043-9A4B-DCDA-F263-CDF26045E459}.Release|Win32.Build.0 = Release|Win32
		{3CE97638-404D-F0E7-6C65-71DA9C029D3C}.Debug|Win32.ActiveCfg = Debug|Win32
		{3CE97638-404D-F0E7-6C65-71DA9C029D3C}.Debug|Win32.Build.0 = Debug|Win32
		{3CE97638-404D-F0E7-6C65-71DA9C029D3C}.Release|Win32.ActiveCfg = Release|Win32
		{3CE97638-404D-F0E7-6C65-71DA9C029D3C}.Release|Win32.Build.0 = Release|Win32
		{F82B92DF-21D4-A08D-3482-783F47012A4A}.Debug|Win32.ActiveCfg = Debug|Win32
		{F82B92DF-21D4-A08D-3482-783F47012A4A}.Debug|Win32.Build.0 = Debug|Win32
		{F82B92DF-21D4-A08D-3482-783F47012A4A}.Release|Win32.ActiveCfg = Release|Win32
		{F82B92DF-21D4-A08D-3482-783F47012A4A}.Release|Win32.Build.0 = Release|Win32
		{66B2700F-6B73-F807-AB0C-CAA00DC8E82E}.Debug|Win32.ActiveCfg = Debug|Win32
		{66B2700F-6B73-F807-AB0C-CAA00DC8E82E}.Debug|Win32.Build.0 = Debug|Win32
		{66B2700F-6B73-F807-AB0C-CAA00DC8E82E}.Release|Win32.ActiveCfg = Release|Win32
		{66B2700F-6B73-F807-AB0C-CAA00DC8E82E}.Release|Win32.Build.0 = Release|Win32
		{03FAA0E9-FF5C-EB77-4326-17075BE6F394}.Debug|Win32.ActiveCfg = Debug|Win32
		{03FAA0E9-FF5C-EB77-4326-17075BE6F394}.Debug|Win32.Build.0 = Debug|Win32
		{03FAA0E9-FF5C-EB77-4326-17075BE6F394}.Release|Win32.ActiveCfg = Release|Win32
		{03FAA0E9-FF5C-EB77-4326-17075BE6F394}.Release|Win32.Build.0 = Release|Win32
		{81A3ACF9-EB2D-F7CC-D032-D36BAC09431D}.Debug|Win32.ActiveCfg = Debug|Win32
		{81A3ACF9-EB2D-F7CC-D032-D36BAC09431D}.Debug|Win32.Build.0 = Debug|Win32
		{81A3ACF9-EB2D-F7CC-D032-D36BAC09431D}.Release|Win32.ActiveCfg = Release|Win32
		{81A3ACF9-EB2D-F7CC-D032-D36BAC09431D}.Release|Win32.Build.0 = Release|Win32
		{C50E756E-5EEA-F5A4-6F5F-8C2737307D5F}.Debug|Win32.ActiveCfg = Debug|Win32
		{C50E756E-5EEA-F5A4-6F5F-8C2737307D5F}.Debug|Win32.Build.0 = Debug|Win32
		{C50E756E-5EEA-F5A4-6F5F-8C2737307D5F}.Release|Win32.ActiveCfg = Release|Win32
		{C50E756E-5EEA-F5A4-6F5F-8C2737307D5F}.Release|Win32.Build.0 = Release|Win32
	EndGlobalSection
	GlobalSection(SolutionProperties) = preSolution
		HideSolutionNode = FALSE
	EndGlobalSection
EndGlobal
